
Microsoft Visual Studio Solution File, Format Version 12.00
# Visual Studio 15
VisualStudioVersion = 15.0.27130.2027
MinimumVisualStudioVersion = 10.0.40219.1
Project("{FAE04EC0-301F-11D3-BF4B-00C04F79EFBC}") = "DownLoadHtml", "DownLoadHtml\DownLoadHtml.csproj", "{F05DFBCF-ACB6-46C7-AB22-B9764525B498}"
EndProject
Global
	GlobalSection(SolutionConfigurationPlatforms) = preSolution
		Debug|Any CPU = Debug|Any CPU
		Release|Any CPU = Release|Any CPU
	EndGlobalSection
	GlobalSection(ProjectConfigurationPlatforms) = postSolution
		{F05DFBCF-ACB6-46C7-AB22-B9764525B498}.Debug|Any CPU.ActiveCfg = Debug|Any CPU
		{F05DFBCF-ACB6-46C7-AB22-B9764525B498}.Debug|Any CPU.Build.0 = Debug|Any CPU
		{F05DFBCF-ACB6-46C7-AB22-B9764525B498}.Release|Any CPU.ActiveCfg = Release|Any CPU
		{F05DFBCF-ACB6-46C7-AB22-B9764525B498}.Release|Any CPU.Build.0 = Release|Any CPU
	EndGlobalSection
	GlobalSection(SolutionProperties) = preSolution
		HideSolutionNode = FALSE
	EndGlobalSection
	GlobalSection(ExtensibilityGlobals) = postSolution
		SolutionGuid = {A27B9F52-264A-48E8-B715-2F60E97C5398}
	EndGlobalSection
EndGlobal
